
Microsoft Visual Studio Solution File, Format Version 12.00
# Visual Studio 14
VisualStudioVersion = 14.0.23107.0
MinimumVisualStudioVersion = 10.0.40219.1
Project("{FAE04EC0-301F-11D3-BF4B-00C04F79EFBC}") = "HintTester", "HIntTester\HintTester.csproj", "{664B2739-11A6-4179-84B5-2A0D4BD2D193}"
EndProject
Global
	GlobalSection(SolutionConfigurationPlatforms) = preSolution
		Debug|Any CPU = Debug|Any CPU
		Release|Any CPU = Release|Any CPU
	EndGlobalSection
	GlobalSection(ProjectConfigurationPlatforms) = postSolution
		{664B2739-11A6-4179-84B5-2A0D4BD2D193}.Debug|Any CPU.ActiveCfg = Debug|Any CPU
		{664B2739-11A6-4179-84B5-2A0D4BD2D193}.Debug|Any CPU.Build.0 = Debug|Any CPU
		{664B2739-11A6-4179-84B5-2A0D4BD2D193}.Release|Any CPU.ActiveCfg = Release|Any CPU
		{664B2739-11A6-4179-84B5-2A0D4BD2D193}.Release|Any CPU.Build.0 = Release|Any CPU
	EndGlobalSection
	GlobalSection(SolutionProperties) = preSolution
		HideSolutionNode = FALSE
	EndGlobalSection
EndGlobal
